
Microsoft Visual Studio Solution File, Format Version 12.00
# Visual Studio 14
VisualStudioVersion = 14.0.25123.0
MinimumVisualStudioVersion = 10.0.40219.1
Project("{FAE04EC0-301F-11D3-BF4B-00C04F79EFBC}") = "AspNetMVC5Authorization", "AspNetMVC5Authorization\AspNetMVC5Authorization.csproj", "{FA5AA5F0-B020-4A9A-B7D3-59B0B39EA49A}"
EndProject
Global
	GlobalSection(SolutionConfigurationPlatforms) = preSolution
		Debug|Any CPU = Debug|Any CPU
		Release|Any CPU = Release|Any CPU
	EndGlobalSection
	GlobalSection(ProjectConfigurationPlatforms) = postSolution
		{FA5AA5F0-B020-4A9A-B7D3-59B0B39EA49A}.Debug|Any CPU.ActiveCfg = Debug|Any CPU
		{FA5AA5F0-B020-4A9A-B7D3-59B0B39EA49A}.Debug|Any CPU.Build.0 = Debug|Any CPU
		{FA5AA5F0-B020-4A9A-B7D3-59B0B39EA49A}.Release|Any CPU.ActiveCfg = Release|Any CPU
		{FA5AA5F0-B020-4A9A-B7D3-59B0B39EA49A}.Release|Any CPU.Build.0 = Release|Any CPU
	EndGlobalSection
	GlobalSection(SolutionProperties) = preSolution
		HideSolutionNode = FALSE
	EndGlobalSection
EndGlobal
